// !$*UTF8*$!
{
	archiveVersion = 1;
	classes = {
	};
	objectVersion = 46;
	objects = {

/* Begin PBXBuildFile section */
		AB89134119F0AFF80079777A /* main.m in Sources */ = {isa = PBXBuildFile; fileRef = AB89134019F0AFF80079777A /* main.m */; };
		AB89134419F0AFF80079777A /* AppDelegate.m in Sources */ = {isa = PBXBuildFile; fileRef = AB89134319F0AFF80079777A /* AppDelegate.m */; };
		AB89134719F0AFF80079777A /* ViewController.m in Sources */ = {isa = PBXBuildFile; fileRef = AB89134619F0AFF80079777A /* ViewController.m */; };
		AB89134A19F0AFF80079777A /* Main.storyboard in Resources */ = {isa = PBXBuildFile; fileRef = AB89134819F0AFF80079777A /* Main.storyboard */; };
		AB89134C19F0AFF80079777A /* Images.xcassets in Resources */ = {isa = PBXBuildFile; fileRef = AB89134B19F0AFF80079777A /* Images.xcassets */; };
		AB89134F19F0AFF80079777A /* LaunchScreen.xib in Resources */ = {isa = PBXBuildFile; fileRef = AB89134D19F0AFF80079777A /* LaunchScreen.xib */; };
		AB89135B19F0AFF80079777A /* HaidoraSegmentTests.m in Sources */ = {isa = PBXBuildFile; fileRef = AB89135A19F0AFF80079777A /* HaidoraSegmentTests.m */; };
		AB89136819F0B0260079777A /* HDSegmentedControl.m in Sources */ = {isa = PBXBuildFile; fileRef = AB89136719F0B0260079777A /* HDSegmentedControl.m */; };
/* End PBXBuildFile section */

/* Begin PBXContainerItemProxy section */
		AB89135519F0AFF80079777A /* PBXContainerItemProxy */ = {
			isa = PBXContainerItemProxy;
			containerPortal = AB89133319F0AFF80079777A /* Project object */;
			proxyType = 1;
			remoteGlobalIDString = AB89133A19F0AFF80079777A;
			remoteInfo = HaidoraSegment;
		};
/* End PBXContainerItemProxy section */

/* Begin PBXFileReference section */
		AB89133B19F0AFF80079777A /* HaidoraSegment.app */ = {isa = PBXFileReference; explicitFileType = wrapper.application; includeInIndex = 0; path = HaidoraSegment.app; sourceTree = BUILT_PRODUCTS_DIR; };
		AB89133F19F0AFF80079777A /* Info.plist */ = {isa = PBXFileReference; lastKnownFileType = text.plist.xml; path = Info.plist; sourceTree = "<group>"; };
		AB89134019F0AFF80079777A /* main.m */ = {isa = PBXFileReference; lastKnownFileType = sourcecode.c.objc; path = main.m; sourceTree = "<group>"; };
		AB89134219F0AFF80079777A /* AppDelegate.h */ = {isa = PBXFileReference; lastKnownFileType = sourcecode.c.h; path = AppDelegate.h; sourceTree = "<group>"; };
		AB89134319F0AFF80079777A /* AppDelegate.m */ = {isa = PBXFileReference; lastKnownFileType = sourcecode.c.objc; path = AppDelegate.m; sourceTree = "<group>"; };
		AB89134519F0AFF80079777A /* ViewController.h */ = {isa = PBXFileReference; lastKnownFileType = sourcecode.c.h; path = ViewController.h; sourceTree = "<group>"; };
		AB89134619F0AFF80079777A /* ViewController.m */ = {isa = PBXFileReference; lastKnownFileType = sourcecode.c.objc; path = ViewController.m; sourceTree = "<group>"; };
		AB89134919F0AFF80079777A /* Base */ = {isa = PBXFileReference; lastKnownFileType = file.storyboard; name = Base; path = Base.lproj/Main.storyboard; sourceTree = "<group>"; };
		AB89134B19F0AFF80079777A /* Images.xcassets */ = {isa = PBXFileReference; lastKnownFileType = folder.assetcatalog; path = Images.xcassets; sourceTree = "<group>"; };
		AB89134E19F0AFF80079777A /* Base */ = {isa = PBXFileReference; lastKnownFileType = file.xib; name = Base; path = Base.lproj/LaunchScreen.xib; sourceTree = "<group>"; };
		AB89135419F0AFF80079777A /* HaidoraSegmentTests.xctest */ = {isa = PBXFileReference; explicitFileType = wrapper.cfbundle; includeInIndex = 0; path = HaidoraSegmentTests.xctest; sourceTree = BUILT_PRODUCTS_DIR; };
		AB89135919F0AFF80079777A /* Info.plist */ = {isa = PBXFileReference; lastKnownFileType = text.plist.xml; path = Info.plist; sourceTree = "<group>"; };
		AB89135A19F0AFF80079777A /* HaidoraSegmentTests.m */ = {isa = PBXFileReference; lastKnownFileType = sourcecode.c.objc; path = HaidoraSegmentTests.m; sourceTree = "<group>"; };
		AB89136619F0B0260079777A /* HDSegmentedControl.h */ = {isa = PBXFileReference; fileEncoding = 4; lastKnownFileType = sourcecode.c.h; path = HDSegmentedControl.h; sourceTree = "<group>"; };
		AB89136719F0B0260079777A /* HDSegmentedControl.m */ = {isa = PBXFileReference; fileEncoding = 4; lastKnownFileType = sourcecode.c.objc; path = HDSegmentedControl.m; sourceTree = "<group>"; };
/* End PBXFileReference section */

/* Begin PBXFrameworksBuildPhase section */
		AB89133819F0AFF80079777A /* Frameworks */ = {
			isa = PBXFrameworksBuildPhase;
			buildActionMask = 2147483647;
			files = (
			);
			runOnlyForDeploymentPostprocessing = 0;
		};
		AB89135119F0AFF80079777A /* Frameworks */ = {
			isa = PBXFrameworksBuildPhase;
			buildActionMask = 2147483647;
			files = (
			);
			runOnlyForDeploymentPostprocessing = 0;
		};
/* End PBXFrameworksBuildPhase section */

/* Begin PBXGroup section */
		AB89133219F0AFF80079777A = {
			isa = PBXGroup;
			children = (
				AB89136419F0B0060079777A /* Resource */,
				AB89136519F0B0060079777A /* Source */,
				AB89133D19F0AFF80079777A /* HaidoraSegment */,
				AB89135719F0AFF80079777A /* HaidoraSegmentTests */,
				AB89133C19F0AFF80079777A /* Products */,
			);
			sourceTree = "<group>";
		};
		AB89133C19F0AFF80079777A /* Products */ = {
			isa = PBXGroup;
			children = (
				AB89133B19F0AFF80079777A /* HaidoraSegment.app */,
				AB89135419F0AFF80079777A /* HaidoraSegmentTests.xctest */,
			);
			name = Products;
			sourceTree = "<group>";
		};
		AB89133D19F0AFF80079777A /* HaidoraSegment */ = {
			isa = PBXGroup;
			children = (
				AB89134219F0AFF80079777A /* AppDelegate.h */,
				AB89134319F0AFF80079777A /* AppDelegate.m */,
				AB89134519F0AFF80079777A /* ViewController.h */,
				AB89134619F0AFF80079777A /* ViewController.m */,
				AB89134819F0AFF80079777A /* Main.storyboard */,
				AB89134B19F0AFF80079777A /* Images.xcassets */,
				AB89134D19F0AFF80079777A /* LaunchScreen.xib */,
				AB89133E19F0AFF80079777A /* Supporting Files */,
			);
			path = HaidoraSegment;
			sourceTree = "<group>";
		};
		AB89133E19F0AFF80079777A /* Supporting Files */ = {
			isa = PBXGroup;
			children = (
				AB89133F19F0AFF80079777A /* Info.plist */,
				AB89134019F0AFF80079777A /* main.m */,
			);
			name = "Supporting Files";
			sourceTree = "<group>";
		};
		AB89135719F0AFF80079777A /* HaidoraSegmentTests */ = {
			isa = PBXGroup;
			children = (
				AB89135A19F0AFF80079777A /* HaidoraSegmentTests.m */,
				AB89135819F0AFF80079777A /* Supporting Files */,
			);
			path = HaidoraSegmentTests;
			sourceTree = "<group>";
		};
		AB89135819F0AFF80079777A /* Supporting Files */ = {
			isa = PBXGroup;
			children = (
				AB89135919F0AFF80079777A /* Info.plist */,
			);
			name = "Supporting Files";
			sourceTree = "<group>";
		};
		AB89136419F0B0060079777A /* Resource */ = {
			isa = PBXGroup;
			children = (
			);
			name = Resource;
			path = ../../Resource;
			sourceTree = "<group>";
		};
		AB89136519F0B0060079777A /* Source */ = {
			isa = PBXGroup;
			children = (
				AB89136619F0B0260079777A /* HDSegmentedControl.h */,
				AB89136719F0B0260079777A /* HDSegmentedControl.m */,
			);
			name = Source;
			path = ../../Source;
			sourceTree = "<group>";
		};
/* End PBXGroup section */

/* Begin PBXNativeTarget section */
		AB89133A19F0AFF80079777A /* HaidoraSegment */ = {
			isa = PBXNativeTarget;
			buildConfigurationList = AB89135E19F0AFF80079777A /* Build configuration list for PBXNativeTarget "HaidoraSegment" */;
			buildPhases = (
				AB89133719F0AFF80079777A /* Sources */,
				AB89133819F0AFF80079777A /* Frameworks */,
				AB89133919F0AFF80079777A /* Resources */,
			);
			buildRules = (
			);
			dependencies = (
			);
			name = HaidoraSegment;
			productName = HaidoraSegment;
			productReference = AB89133B19F0AFF80079777A /* HaidoraSegment.app */;
			productType = "com.apple.product-type.application";
		};
		AB89135319F0AFF80079777A /* HaidoraSegmentTests */ = {
			isa = PBXNativeTarget;
			buildConfigurationList = AB89136119F0AFF80079777A /* Build configuration list for PBXNativeTarget "HaidoraSegmentTests" */;
			buildPhases = (
				AB89135019F0AFF80079777A /* Sources */,
				AB89135119F0AFF80079777A /* Frameworks */,
				AB89135219F0AFF80079777A /* Resources */,
			);
			buildRules = (
			);
			dependencies = (
				AB89135619F0AFF80079777A /* PBXTargetDependency */,
			);
			name = HaidoraSegmentTests;
			productName = HaidoraSegmentTests;
			productReference = AB89135419F0AFF80079777A /* HaidoraSegmentTests.xctest */;
			productType = "com.apple.product-type.bundle.unit-test";
		};
/* End PBXNativeTarget section */

/* Begin PBXProject section */
		AB89133319F0AFF80079777A /* Project object */ = {
			isa = PBXProject;
			attributes = {
				LastUpgradeCheck = 0600;
				ORGANIZATIONNAME = Haidora;
				TargetAttributes = {
					AB89133A19F0AFF80079777A = {
						CreatedOnToolsVersion = 6.0.1;
					};
					AB89135319F0AFF80079777A = {
						CreatedOnToolsVersion = 6.0.1;
						TestTargetID = AB89133A19F0AFF80079777A;
					};
				};
			};
			buildConfigurationList = AB89133619F0AFF80079777A /* Build configuration list for PBXProject "HaidoraSegment" */;
			compatibilityVersion = "Xcode 3.2";
			developmentRegion = English;
			hasScannedForEncodings = 0;
			knownRegions = (
				en,
				Base,
			);
			mainGroup = AB89133219F0AFF80079777A;
			productRefGroup = AB89133C19F0AFF80079777A /* Products */;
			projectDirPath = "";
			projectRoot = "";
			targets = (
				AB89133A19F0AFF80079777A /* HaidoraSegment */,
				AB89135319F0AFF80079777A /* HaidoraSegmentTests */,
			);
		};
/* End PBXProject section */

/* Begin PBXResourcesBuildPhase section */
		AB89133919F0AFF80079777A /* Resources */ = {
			isa = PBXResourcesBuildPhase;
			buildActionMask = 2147483647;
			files = (
				AB89134A19F0AFF80079777A /* Main.storyboard in Resources */,
				AB89134F19F0AFF80079777A /* LaunchScreen.xib in Resources */,
				AB89134C19F0AFF80079777A /* Images.xcassets in Resources */,
			);
			runOnlyForDeploymentPostprocessing = 0;
		};
		AB89135219F0AFF80079777A /* Resources */ = {
			isa = PBXResourcesBuildPhase;
			buildActionMask = 2147483647;
			files = (
			);
			runOnlyForDeploymentPostprocessing = 0;
		};
/* End PBXResourcesBuildPhase section */

/* Begin PBXSourcesBuildPhase section */
		AB89133719F0AFF80079777A /* Sources */ = {
			isa = PBXSourcesBuildPhase;
			buildActionMask = 2147483647;
			files = (
				AB89136819F0B0260079777A /* HDSegmentedControl.m in Sources */,
				AB89134719F0AFF80079777A /* ViewController.m in Sources */,
				AB89134419F0AFF80079777A /* AppDelegate.m in Sources */,
				AB89134119F0AFF80079777A /* main.m in Sources */,
			);
			runOnlyForDeploymentPostprocessing = 0;
		};
		AB89135019F0AFF80079777A /* Sources */ = {
			isa = PBXSourcesBuildPhase;
			buildActionMask = 2147483647;
			files = (
				AB89135B19F0AFF80079777A /* HaidoraSegmentTests.m in Sources */,
			);
			runOnlyForDeploymentPostprocessing = 0;
		};
/* End PBXSourcesBuildPhase section */

/* Begin PBXTargetDependency section */
		AB89135619F0AFF80079777A /* PBXTargetDependency */ = {
			isa = PBXTargetDependency;
			target = AB89133A19F0AFF80079777A /* HaidoraSegment */;
			targetProxy = AB89135519F0AFF80079777A /* PBXContainerItemProxy */;
		};
/* End PBXTargetDependency section */

/* Begin PBXVariantGroup section */
		AB89134819F0AFF80079777A /* Main.storyboard */ = {
			isa = PBXVariantGroup;
			children = (
				AB89134919F0AFF80079777A /* Base */,
			);
			name = Main.storyboard;
			sourceTree = "<group>";
		};
		AB89134D19F0AFF80079777A /* LaunchScreen.xib */ = {
			isa = PBXVariantGroup;
			children = (
				AB89134E19F0AFF80079777A /* Base */,
			);
			name = LaunchScreen.xib;
			sourceTree = "<group>";
		};
/* End PBXVariantGroup section */

/* Begin XCBuildConfiguration section */
		AB89135C19F0AFF80079777A /* Debug */ = {
			isa = XCBuildConfiguration;
			buildSettings = {
				ALWAYS_SEARCH_USER_PATHS = NO;
				CLANG_CXX_LANGUAGE_STANDARD = "gnu++0x";
				CLANG_CXX_LIBRARY = "libc++";
				CLANG_ENABLE_MODULES = YES;
				CLANG_ENABLE_OBJC_ARC = YES;
				CLANG_WARN_BOOL_CONVERSION = YES;
				CLANG_WARN_CONSTANT_CONVERSION = YES;
				CLANG_WARN_DIRECT_OBJC_ISA_USAGE = YES_ERROR;
				CLANG_WARN_EMPTY_BODY = YES;
				CLANG_WARN_ENUM_CONVERSION = YES;
				CLANG_WARN_INT_CONVERSION = YES;
				CLANG_WARN_OBJC_ROOT_CLASS = YES_ERROR;
				CLANG_WARN_UNREACHABLE_CODE = YES;
				CLANG_WARN__DUPLICATE_METHOD_MATCH = YES;
				"CODE_SIGN_IDENTITY[sdk=iphoneos*]" = "iPhone Developer";
				COPY_PHASE_STRIP = NO;
				ENABLE_STRICT_OBJC_MSGSEND = YES;
				GCC_C_LANGUAGE_STANDARD = gnu99;
				GCC_DYNAMIC_NO_PIC = NO;
				GCC_OPTIMIZATION_LEVEL = 0;
				GCC_PREPROCESSOR_DEFINITIONS = (
					"DEBUG=1",
					"$(inherited)",
				);
				GCC_SYMBOLS_PRIVATE_EXTERN = NO;
				GCC_WARN_64_TO_32_BIT_CONVERSION = YES;
				GCC_WARN_ABOUT_RETURN_TYPE = YES_ERROR;
				GCC_WARN_UNDECLARED_SELECTOR = YES;
				GCC_WARN_UNINITIALIZED_AUTOS = YES_AGGRESSIVE;
				GCC_WARN_UNUSED_FUNCTION = YES;
				GCC_WARN_UNUSED_VARIABLE = YES;
				IPHONEOS_DEPLOYMENT_TARGET = 8.0;
				MTL_ENABLE_DEBUG_INFO = YES;
				ONLY_ACTIVE_ARCH = YES;
				SDKROOT = iphoneos;
				TARGETED_DEVICE_FAMILY = "1,2";
			};
			name = Debug;
		};
		AB89135D19F0AFF80079777A /* Release */ = {
			isa = XCBuildConfiguration;
			buildSettings = {
				ALWAYS_SEARCH_USER_PATHS = NO;
				CLANG_CXX_LANGUAGE_STANDARD = "gnu++0x";
				CLANG_CXX_LIBRARY = "libc++";
				CLANG_ENABLE_MODULES = YES;
				CLANG_ENABLE_OBJC_ARC = YES;
				CLANG_WARN_BOOL_CONVERSION = YES;
				CLANG_WARN_CONSTANT_CONVERSION = YES;
				CLANG_WARN_DIRECT_OBJC_ISA_USAGE = YES_ERROR;
				CLANG_WARN_EMPTY_BODY = YES;
				CLANG_WARN_ENUM_CONVERSION = YES;
				CLANG_WARN_INT_CONVERSION = YES;
				CLANG_WARN_OBJC_ROOT_CLASS = YES_ERROR;
				CLANG_WARN_UNREACHABLE_CODE = YES;
				CLANG_WARN__DUPLICATE_METHOD_MATCH = YES;
				"CODE_SIGN_IDENTITY[sdk=iphoneos*]" = "iPhone Developer";
				COPY_PHASE_STRIP = YES;
				ENABLE_NS_ASSERTIONS = NO;
				ENABLE_STRICT_OBJC_MSGSEND = YES;
				GCC_C_LANGUAGE_STANDARD = gnu99;
				GCC_WARN_64_TO_32_BIT_CONVERSION = YES;
				GCC_WARN_ABOUT_RETURN_TYPE = YES_ERROR;
				GCC_WARN_UNDECLARED_SELECTOR = YES;
				GCC_WARN_UNINITIALIZED_AUTOS = YES_AGGRESSIVE;
				GCC_WARN_UNUSED_FUNCTION = YES;
				GCC_WARN_UNUSED_VARIABLE = YES;
				IPHONEOS_DEPLOYMENT_TARGET = 8.0;
				MTL_ENABLE_DEBUG_INFO = NO;
				SDKROOT = iphoneos;
				TARGETED_DEVICE_FAMILY = "1,2";
				VALIDATE_PRODUCT = YES;
			};
			name = Release;
		};
		AB89135F19F0AFF80079777A /* Debug */ = {
			isa = XCBuildConfiguration;
			buildSettings = {
				ASSETCATALOG_COMPILER_APPICON_NAME = AppIcon;
				INFOPLIST_FILE = HaidoraSegment/Info.plist;
				LD_RUNPATH_SEARCH_PATHS = "$(inherited) @executable_path/Frameworks";
				PRODUCT_NAME = "$(TARGET_NAME)";
			};
			name = Debug;
		};
		AB89136019F0AFF80079777A /* Release */ = {
			isa = XCBuildConfiguration;
			buildSettings = {
				ASSETCATALOG_COMPILER_APPICON_NAME = AppIcon;
				INFOPLIST_FILE = HaidoraSegment/Info.plist;
				LD_RUNPATH_SEARCH_PATHS = "$(inherited) @executable_path/Frameworks";
				PRODUCT_NAME = "$(TARGET_NAME)";
			};
			name = Release;
		};
		AB89136219F0AFF80079777A /* Debug */ = {
			isa = XCBuildConfiguration;
			buildSettings = {
				BUNDLE_LOADER = "$(TEST_HOST)";
				FRAMEWORK_SEARCH_PATHS = (
					"$(SDKROOT)/Developer/Library/Frameworks",
					"$(inherited)",
				);
				GCC_PREPROCESSOR_DEFINITIONS = (
					"DEBUG=1",
					"$(inherited)",
				);
				INFOPLIST_FILE = HaidoraSegmentTests/Info.plist;
				LD_RUNPATH_SEARCH_PATHS = "$(inherited) @executable_path/Frameworks @loader_path/Frameworks";
				PRODUCT_NAME = "$(TARGET_NAME)";
				TEST_HOST = "$(BUILT_PRODUCTS_DIR)/HaidoraSegment.app/HaidoraSegment";
			};
			name = Debug;
		};
		AB89136319F0AFF80079777A /* Release */ = {
			isa = XCBuildConfiguration;
			buildSettings = {
				BUNDLE_LOADER = "$(TEST_HOST)";
				FRAMEWORK_SEARCH_PATHS = (
					"$(SDKROOT)/Developer/Library/Frameworks",
					"$(inherited)",
				);
				INFOPLIST_FILE = HaidoraSegmentTests/Info.plist;
				LD_RUNPATH_SEARCH_PATHS = "$(inherited) @executable_path/Frameworks @loader_path/Frameworks";
				PRODUCT_NAME = "$(TARGET_NAME)";
				TEST_HOST = "$(BUILT_PRODUCTS_DIR)/HaidoraSegment.app/HaidoraSegment";
			};
			name = Release;
		};
/* End XCBuildConfiguration section */

/* Begin XCConfigurationList section */
		AB89133619F0AFF80079777A /* Build configuration list for PBXProject "HaidoraSegment" */ = {
			isa = XCConfigurationList;
			buildConfigurations = (
				AB89135C19F0AFF80079777A /* Debug */,
				AB89135D19F0AFF80079777A /* Release */,
			);
			defaultConfigurationIsVisible = 0;
			defaultConfigurationName = Release;
		};
		AB89135E19F0AFF80079777A /* Build configuration list for PBXNativeTarget "HaidoraSegment" */ = {
			isa = XCConfigurationList;
			buildConfigurations = (
				AB89135F19F0AFF80079777A /* Debug */,
				AB89136019F0AFF80079777A /* Release */,
			);
			defaultConfigurationIsVisible = 0;
		};
		AB89136119F0AFF80079777A /* Build configuration list for PBXNativeTarget "HaidoraSegmentTests" */ = {
			isa = XCConfigurationList;
			buildConfigurations = (
				AB89136219F0AFF80079777A /* Debug */,
				AB89136319F0AFF80079777A /* Release */,
			);
			defaultConfigurationIsVisible = 0;
		};
/* End XCConfigurationList section */
	};
	rootObject = AB89133319F0AFF80079777A /* Project object */;
}
